
Microsoft Visual Studio Solution File, Format Version 12.00
# Visual Studio Version 17
VisualStudioVersion = 17.8.34525.116
MinimumVisualStudioVersion = 10.0.40219.1
Project("{FAE04EC0-301F-11D3-BF4B-00C04F79EFBC}") = "DotnetDemo", "DotnetDemo\DotnetDemo.csproj", "{5F5CEF15-F1B8-46F5-8A7C-6EA14E2CBAE1}"
EndProject
Global
	GlobalSection(SolutionConfigurationPlatforms) = preSolution
		Debug|Any CPU = Debug|Any CPU
		Release|Any CPU = Release|Any CPU
	EndGlobalSection
	GlobalSection(ProjectConfigurationPlatforms) = postSolution
		{5F5CEF15-F1B8-46F5-8A7C-6EA14E2CBAE1}.Debug|Any CPU.ActiveCfg = Debug|Any CPU
		{5F5CEF15-F1B8-46F5-8A7C-6EA14E2CBAE1}.Debug|Any CPU.Build.0 = Debug|Any CPU
		{5F5CEF15-F1B8-46F5-8A7C-6EA14E2CBAE1}.Release|Any CPU.ActiveCfg = Release|Any CPU
		{5F5CEF15-F1B8-46F5-8A7C-6EA14E2CBAE1}.Release|Any CPU.Build.0 = Release|Any CPU
	EndGlobalSection
	GlobalSection(SolutionProperties) = preSolution
		HideSolutionNode = FALSE
	EndGlobalSection
	GlobalSection(ExtensibilityGlobals) = postSolution
		SolutionGuid = {8BDB9A60-CBF0-4E6C-9088-D2E756D17EDC}
	EndGlobalSection
EndGlobal
